
Microsoft Visual Studio Solution File, Format Version 12.00
# Visual Studio 14
VisualStudioVersion = 14.0.25420.1
MinimumVisualStudioVersion = 10.0.40219.1
Project("{8BC9CEB8-8B4A-11D0-8D11-00A0C91BC942}") = "ninja", "ninja.vcxproj", "{02B448C7-945C-46D6-954C-AEAE0653BA59}"
EndProject
Global
	GlobalSection(SolutionConfigurationPlatforms) = preSolution
		RelWithDebInfo|Win32 = RelWithDebInfo|Win32
		RelWithDebInfo|x64 = RelWithDebInfo|x64
	EndGlobalSection
	GlobalSection(ProjectConfigurationPlatforms) = postSolution
		{02B448C7-945C-46D6-954C-AEAE0653BA59}.RelWithDebInfo|Win32.ActiveCfg = Release|Win32
		{02B448C7-945C-46D6-954C-AEAE0653BA59}.RelWithDebInfo|Win32.Build.0 = Release|Win32
		{02B448C7-945C-46D6-954C-AEAE0653BA59}.RelWithDebInfo|x64.ActiveCfg = Release|x64
		{02B448C7-945C-46D6-954C-AEAE0653BA59}.RelWithDebInfo|x64.Build.0 = Release|x64
	EndGlobalSection
	GlobalSection(SolutionProperties) = preSolution
		HideSolutionNode = FALSE
	EndGlobalSection
EndGlobal
